{
  "originHash" : "702b175425487c885684f656bb6bf8608e78ed969c310cc7232f2f51ee1f2bc6",
  "pins" : [
    {
      "identity" : "apus",
      "kind" : "remoteSourceControl",
      "location" : "https://github.com/tomasf/Apus.git",
      "state" : {
        "revision" : "7094e92897a4630375d46c9d2cc7d9408f7b7abe",
        "version" : "0.1.2"
      }
    },
    {
      "identity" : "manifold-swift",
      "kind" : "remoteSourceControl",
      "location" : "https://github.com/tomasf/manifold-swift.git",
      "state" : {
        "revision" : "872143db47a8c083dd56003dad5de653a71828db",
        "version" : "0.4.0"
      }
    },
    {
      "identity" : "nodal",
      "kind" : "remoteSourceControl",
      "location" : "https://github.com/tomasf/Nodal.git",
      "state" : {
        "revision" : "275b8efd1d36d45154759a19e8cad709c2a36c64",
        "version" : "0.4.1"
      }
    },
    {
      "identity" : "threemf",
      "kind" : "remoteSourceControl",
      "location" : "https://github.com/tomasf/ThreeMF.git",
      "state" : {
        "revision" : "d31fdea80c561b87983928b01fb8565cccde2382",
        "version" : "0.2.2"
      }
    },
    {
      "identity" : "zip",
      "kind" : "remoteSourceControl",
      "location" : "https://github.com/tomasf/Zip.git",
      "state" : {
        "revision" : "89a20ecc82eddf3d1cb40b55e2143167ee4367d3",
        "version" : "2.1.1"
      }
    }
  ],
  "version" : 3
}
